Microsoft Visual Studio Solution File, Format Version 12.00
# Visual Studio Version 16
VisualStudioVersion = 16.0.29215.179
MinimumVisualStudioVersion = 10.0.40219.1
Project("{FAE04EC0-301F-11D3-BF4B-00C04F79EFBC}") = "TrainingPreparation", "TrainingPreparation\TrainingPreparation.csproj", "{BE7BCDFF-E995-444D-AF3C-D52EE1214A23}"
EndProject
Project("{2150E333-8FDC-42A3-9474-1A3956D46DE8}") = "Solution Items", "Solution Items", "{9FFE2492-7998-448A-87B2-838CE5C8C02A}"
	ProjectSection(SolutionItems) = preProject
		global.json = global.json
	EndProjectSection
EndProject
Project("{9344BDBB-3E7F-41FC-A0DD-8665D75EE146}") = "TrainingPreparation.Droid", "Droid\TrainingPreparation.Droid.csproj", "{1B389AB6-4496-4F44-8422-FAF30F288917}"
EndProject
Project("{FAE04EC0-301F-11D3-BF4B-00C04F79EFBC}") = "TrainingPreparation.iOS", "iOS\TrainingPreparation.iOS.csproj", "{A758BE01-B976-407C-B75D-225E6CD54427}"
EndProject
Project("{FAE04EC0-301F-11D3-BF4B-00C04F79EFBC}") = "CommunityToolkit.Mvvm.Bindings", "CommunityToolkit.Mvvm.Bindings\CommunityToolkit.Mvvm.Bindings.csproj", "{37CC70FE-B6E4-499C-BF7C-25EB5483EF58}"
EndProject
Global
	GlobalSection(SolutionConfigurationPlatforms) = preSolution
		Debug|Any CPU = Debug|Any CPU
		Release|Any CPU = Release|Any CPU
	EndGlobalSection
	GlobalSection(ProjectConfigurationPlatforms) = postSolution
		{BE7BCDFF-E995-444D-AF3C-D52EE1214A23}.Debug|Any CPU.ActiveCfg = Debug|Any CPU
		{BE7BCDFF-E995-444D-AF3C-D52EE1214A23}.Debug|Any CPU.Build.0 = Debug|Any CPU
		{BE7BCDFF-E995-444D-AF3C-D52EE1214A23}.Release|Any CPU.ActiveCfg = Release|Any CPU
		{BE7BCDFF-E995-444D-AF3C-D52EE1214A23}.Release|Any CPU.Build.0 = Release|Any CPU
		{1B389AB6-4496-4F44-8422-FAF30F288917}.Debug|Any CPU.ActiveCfg = Debug|Any CPU
		{1B389AB6-4496-4F44-8422-FAF30F288917}.Debug|Any CPU.Build.0 = Debug|Any CPU
		{1B389AB6-4496-4F44-8422-FAF30F288917}.Debug|Any CPU.Deploy.0 = Debug|Any CPU
		{1B389AB6-4496-4F44-8422-FAF30F288917}.Release|Any CPU.ActiveCfg = Release|Any CPU
		{1B389AB6-4496-4F44-8422-FAF30F288917}.Release|Any CPU.Build.0 = Release|Any CPU
		{A758BE01-B976-407C-B75D-225E6CD54427}.Debug|Any CPU.ActiveCfg = Debug|Any CPU
		{A758BE01-B976-407C-B75D-225E6CD54427}.Debug|Any CPU.Build.0 = Debug|Any CPU
		{A758BE01-B976-407C-B75D-225E6CD54427}.Release|Any CPU.ActiveCfg = Release|Any CPU
		{A758BE01-B976-407C-B75D-225E6CD54427}.Release|Any CPU.Build.0 = Release|Any CPU
		{37CC70FE-B6E4-499C-BF7C-25EB5483EF58}.Debug|Any CPU.ActiveCfg = Debug|Any CPU
		{37CC70FE-B6E4-499C-BF7C-25EB5483EF58}.Debug|Any CPU.Build.0 = Debug|Any CPU
		{37CC70FE-B6E4-499C-BF7C-25EB5483EF58}.Release|Any CPU.ActiveCfg = Release|Any CPU
		{37CC70FE-B6E4-499C-BF7C-25EB5483EF58}.Release|Any CPU.Build.0 = Release|Any CPU
	EndGlobalSection
	GlobalSection(SolutionProperties) = preSolution
		HideSolutionNode = FALSE
	EndGlobalSection
	GlobalSection(ExtensibilityGlobals) = postSolution
		SolutionGuid = {5202ABEF-0412-4A5B-AB09-34650D82B16F}
	EndGlobalSection
EndGlobal
