Microsoft Visual Studio Solution File, Format Version 12.00
# Visual Studio Version 16
VisualStudioVersion = 16.0.29215.179
MinimumVisualStudioVersion = 10.0.40219.1
Project("{FAE04EC0-301F-11D3-BF4B-00C04F79EFBC}") = "TrainingPreparation.Droid", "Droid\TrainingPreparation.Droid.csproj", "{C8B96E96-F068-44C1-8FF8-DD0C45F491DD}"
EndProject
Project("{FAE04EC0-301F-11D3-BF4B-00C04F79EFBC}") = "TrainingPreparation.iOS", "iOS\TrainingPreparation.iOS.csproj", "{D6EC1A88-0ED1-41CC-9C4C-13C4D15DCAA4}"
EndProject
Project("{9A19103F-16F7-4668-BE54-9A1E7A4F7556}") = "TrainingPreparation", "TrainingPreparation\TrainingPreparation.csproj", "{BE7BCDFF-E995-444D-AF3C-D52EE1214A23}"
EndProject
Project("{FAE04EC0-301F-11D3-BF4B-00C04F79EFBC}") = "TrainingPreparation.Library.Droid", "TrainingPreparation.Library.Droid\TrainingPreparation.Library.Droid.csproj", "{8AC4D610-E1C7-49C7-891B-1F9B3E1BF14F}"
EndProject
Global
	GlobalSection(SolutionConfigurationPlatforms) = preSolution
		Debug|Any CPU = Debug|Any CPU
		Debug|iPhone = Debug|iPhone
		Debug|iPhoneSimulator = Debug|iPhoneSimulator
		Release|Any CPU = Release|Any CPU
		Release|iPhone = Release|iPhone
		Release|iPhoneSimulator = Release|iPhoneSimulator
	EndGlobalSection
	GlobalSection(ProjectConfigurationPlatforms) = postSolution
		{C8B96E96-F068-44C1-8FF8-DD0C45F491DD}.Debug|Any CPU.ActiveCfg = Debug|Any CPU
		{C8B96E96-F068-44C1-8FF8-DD0C45F491DD}.Debug|Any CPU.Build.0 = Debug|Any CPU
		{C8B96E96-F068-44C1-8FF8-DD0C45F491DD}.Debug|Any CPU.Deploy.0 = Debug|Any CPU
		{C8B96E96-F068-44C1-8FF8-DD0C45F491DD}.Debug|iPhone.ActiveCfg = Debug|Any CPU
		{C8B96E96-F068-44C1-8FF8-DD0C45F491DD}.Debug|iPhone.Build.0 = Debug|Any CPU
		{C8B96E96-F068-44C1-8FF8-DD0C45F491DD}.Debug|iPhoneSimulator.ActiveCfg = Debug|Any CPU
		{C8B96E96-F068-44C1-8FF8-DD0C45F491DD}.Debug|iPhoneSimulator.Build.0 = Debug|Any CPU
		{C8B96E96-F068-44C1-8FF8-DD0C45F491DD}.Release|Any CPU.ActiveCfg = Release|Any CPU
		{C8B96E96-F068-44C1-8FF8-DD0C45F491DD}.Release|Any CPU.Build.0 = Release|Any CPU
		{C8B96E96-F068-44C1-8FF8-DD0C45F491DD}.Release|iPhone.ActiveCfg = Release|Any CPU
		{C8B96E96-F068-44C1-8FF8-DD0C45F491DD}.Release|iPhone.Build.0 = Release|Any CPU
		{C8B96E96-F068-44C1-8FF8-DD0C45F491DD}.Release|iPhoneSimulator.ActiveCfg = Release|Any CPU
		{C8B96E96-F068-44C1-8FF8-DD0C45F491DD}.Release|iPhoneSimulator.Build.0 = Release|Any CPU
		{D6EC1A88-0ED1-41CC-9C4C-13C4D15DCAA4}.Debug|Any CPU.ActiveCfg = Debug|iPhoneSimulator
		{D6EC1A88-0ED1-41CC-9C4C-13C4D15DCAA4}.Debug|Any CPU.Build.0 = Debug|iPhoneSimulator
		{D6EC1A88-0ED1-41CC-9C4C-13C4D15DCAA4}.Debug|iPhone.ActiveCfg = Debug|iPhone
		{D6EC1A88-0ED1-41CC-9C4C-13C4D15DCAA4}.Debug|iPhone.Build.0 = Debug|iPhone
		{D6EC1A88-0ED1-41CC-9C4C-13C4D15DCAA4}.Debug|iPhoneSimulator.ActiveCfg = Debug|iPhoneSimulator
		{D6EC1A88-0ED1-41CC-9C4C-13C4D15DCAA4}.Debug|iPhoneSimulator.Build.0 = Debug|iPhoneSimulator
		{D6EC1A88-0ED1-41CC-9C4C-13C4D15DCAA4}.Release|Any CPU.ActiveCfg = Release|iPhone
		{D6EC1A88-0ED1-41CC-9C4C-13C4D15DCAA4}.Release|Any CPU.Build.0 = Release|iPhone
		{D6EC1A88-0ED1-41CC-9C4C-13C4D15DCAA4}.Release|iPhone.ActiveCfg = Release|iPhone
		{D6EC1A88-0ED1-41CC-9C4C-13C4D15DCAA4}.Release|iPhone.Build.0 = Release|iPhone
		{D6EC1A88-0ED1-41CC-9C4C-13C4D15DCAA4}.Release|iPhoneSimulator.ActiveCfg = Release|iPhoneSimulator
		{D6EC1A88-0ED1-41CC-9C4C-13C4D15DCAA4}.Release|iPhoneSimulator.Build.0 = Release|iPhoneSimulator
		{BE7BCDFF-E995-444D-AF3C-D52EE1214A23}.Debug|Any CPU.ActiveCfg = Debug|Any CPU
		{BE7BCDFF-E995-444D-AF3C-D52EE1214A23}.Debug|Any CPU.Build.0 = Debug|Any CPU
		{BE7BCDFF-E995-444D-AF3C-D52EE1214A23}.Debug|iPhone.ActiveCfg = Debug|Any CPU
		{BE7BCDFF-E995-444D-AF3C-D52EE1214A23}.Debug|iPhone.Build.0 = Debug|Any CPU
		{BE7BCDFF-E995-444D-AF3C-D52EE1214A23}.Debug|iPhoneSimulator.ActiveCfg = Debug|Any CPU
		{BE7BCDFF-E995-444D-AF3C-D52EE1214A23}.Debug|iPhoneSimulator.Build.0 = Debug|Any CPU
		{BE7BCDFF-E995-444D-AF3C-D52EE1214A23}.Release|Any CPU.ActiveCfg = Release|Any CPU
		{BE7BCDFF-E995-444D-AF3C-D52EE1214A23}.Release|Any CPU.Build.0 = Release|Any CPU
		{BE7BCDFF-E995-444D-AF3C-D52EE1214A23}.Release|iPhone.ActiveCfg = Release|Any CPU
		{BE7BCDFF-E995-444D-AF3C-D52EE1214A23}.Release|iPhone.Build.0 = Release|Any CPU
		{BE7BCDFF-E995-444D-AF3C-D52EE1214A23}.Release|iPhoneSimulator.ActiveCfg = Release|Any CPU
		{BE7BCDFF-E995-444D-AF3C-D52EE1214A23}.Release|iPhoneSimulator.Build.0 = Release|Any CPU
		{8AC4D610-E1C7-49C7-891B-1F9B3E1BF14F}.Debug|Any CPU.ActiveCfg = Debug|Any CPU
		{8AC4D610-E1C7-49C7-891B-1F9B3E1BF14F}.Debug|Any CPU.Build.0 = Debug|Any CPU
		{8AC4D610-E1C7-49C7-891B-1F9B3E1BF14F}.Debug|iPhone.ActiveCfg = Debug|Any CPU
		{8AC4D610-E1C7-49C7-891B-1F9B3E1BF14F}.Debug|iPhone.Build.0 = Debug|Any CPU
		{8AC4D610-E1C7-49C7-891B-1F9B3E1BF14F}.Debug|iPhoneSimulator.ActiveCfg = Debug|Any CPU
		{8AC4D610-E1C7-49C7-891B-1F9B3E1BF14F}.Debug|iPhoneSimulator.Build.0 = Debug|Any CPU
		{8AC4D610-E1C7-49C7-891B-1F9B3E1BF14F}.Release|Any CPU.ActiveCfg = Release|Any CPU
		{8AC4D610-E1C7-49C7-891B-1F9B3E1BF14F}.Release|Any CPU.Build.0 = Release|Any CPU
		{8AC4D610-E1C7-49C7-891B-1F9B3E1BF14F}.Release|iPhone.ActiveCfg = Release|Any CPU
		{8AC4D610-E1C7-49C7-891B-1F9B3E1BF14F}.Release|iPhone.Build.0 = Release|Any CPU
		{8AC4D610-E1C7-49C7-891B-1F9B3E1BF14F}.Release|iPhoneSimulator.ActiveCfg = Release|Any CPU
		{8AC4D610-E1C7-49C7-891B-1F9B3E1BF14F}.Release|iPhoneSimulator.Build.0 = Release|Any CPU
	EndGlobalSection
	GlobalSection(SolutionProperties) = preSolution
		HideSolutionNode = FALSE
	EndGlobalSection
	GlobalSection(ExtensibilityGlobals) = postSolution
		SolutionGuid = {5202ABEF-0412-4A5B-AB09-34650D82B16F}
	EndGlobalSection
EndGlobal
